
Microsoft Visual Studio Solution File, Format Version 12.00
# Visual Studio 15
VisualStudioVersion = 15.0.26430.4
MinimumVisualStudioVersion = 10.0.40219.1
Project("{FAE04EC0-301F-11D3-BF4B-00C04F79EFBC}") = "DiscordBot", "DiscordBot\DiscordBot.csproj", "{DDB6F48A-6A03-4EB1-AEFC-FDC6E5C4FC9A}"
EndProject
Global
	GlobalSection(SolutionConfigurationPlatforms) = preSolution
		Debug|Any CPU = Debug|Any CPU
		Release|Any CPU = Release|Any CPU
	EndGlobalSection
	GlobalSection(ProjectConfigurationPlatforms) = postSolution
		{DDB6F48A-6A03-4EB1-AEFC-FDC6E5C4FC9A}.Debug|Any CPU.ActiveCfg = Debug|Any CPU
		{DDB6F48A-6A03-4EB1-AEFC-FDC6E5C4FC9A}.Debug|Any CPU.Build.0 = Debug|Any CPU
		{DDB6F48A-6A03-4EB1-AEFC-FDC6E5C4FC9A}.Release|Any CPU.ActiveCfg = Release|Any CPU
		{DDB6F48A-6A03-4EB1-AEFC-FDC6E5C4FC9A}.Release|Any CPU.Build.0 = Release|Any CPU
	EndGlobalSection
	GlobalSection(SolutionProperties) = preSolution
		HideSolutionNode = FALSE
	EndGlobalSection
EndGlobal
